
Microsoft Visual Studio Solution File, Format Version 12.00
# Visual Studio 15
VisualStudioVersion = 15.0.26730.8
MinimumVisualStudioVersion = 10.0.40219.1
Project("{2150E333-8FDC-42A3-9474-1A3956D46DE8}") = "Tools", "Tools", "{AEF7DCE8-1583-46CD-884F-4D75BC75ABCB}"
EndProject
Project("{2150E333-8FDC-42A3-9474-1A3956D46DE8}") = "OpenTk", "OpenTk", "{593D8D5D-B9AF-41BB-AA22-146F5078B06C}"
EndProject
Project("{9A19103F-16F7-4668-BE54-9A1E7A4F7556}") = "Processing.OpenTk.Core", "Processing.OpenTk.Core\Processing.OpenTk.Core.csproj", "{0BE2280A-F67A-47A8-9A4D-305F029A5649}"
EndProject
Project("{9A19103F-16F7-4668-BE54-9A1E7A4F7556}") = "Processing.OpenTk.Runner", "Processing.OpenTk.Runner\Processing.OpenTk.Runner.csproj", "{CD4B0B4B-F9E0-4BE7-B03B-69FF1EB7737F}"
EndProject
Project("{9A19103F-16F7-4668-BE54-9A1E7A4F7556}") = "TrueTypeSharp.NetStandard", "TrueTypeSharp.NetStandard\TrueTypeSharp.NetStandard.csproj", "{A010B508-236F-4028-A7F5-3F0ACA25C335}"
EndProject
Project("{2150E333-8FDC-42A3-9474-1A3956D46DE8}") = "ImageSharp", "ImageSharp", "{13BCC36D-4290-46C5-A49A-5D1BDA5A7DEF}"
EndProject
Project("{9A19103F-16F7-4668-BE54-9A1E7A4F7556}") = "ImageSharp", "ImageSharp\ImageSharp\src\ImageSharp\ImageSharp.csproj", "{9E013E8F-A6C7-41DC-B6B6-7E74F32F9E64}"
EndProject
Project("{FAE04EC0-301F-11D3-BF4B-00C04F79EFBC}") = "ConsoleApp1", "ConsoleApp1\ConsoleApp1.csproj", "{2DB21835-2AA3-459E-BE77-0941BFDEC424}"
EndProject
Project("{2150E333-8FDC-42A3-9474-1A3956D46DE8}") = "KoreUI", "KoreUI", "{3CA71C82-BB7B-408C-BBCB-E039F2CB3C51}"
EndProject
Project("{9A19103F-16F7-4668-BE54-9A1E7A4F7556}") = "KoreUI.Controls", "KoreUI.Controls\KoreUI.Controls.csproj", "{CD9B0F16-2EB9-4622-8242-E927343076B8}"
EndProject
Project("{9A19103F-16F7-4668-BE54-9A1E7A4F7556}") = "KoreUI.Demo", "KoreUI.Demo\KoreUI.Demo.csproj", "{142BFB38-B0D5-48DF-9628-968D257455A2}"
EndProject
Global
	GlobalSection(SolutionConfigurationPlatforms) = preSolution
		Debug|Any CPU = Debug|Any CPU
		Debug|x86 = Debug|x86
		Release|Any CPU = Release|Any CPU
		Release|x86 = Release|x86
	EndGlobalSection
	GlobalSection(ProjectConfigurationPlatforms) = postSolution
		{0BE2280A-F67A-47A8-9A4D-305F029A5649}.Debug|Any CPU.ActiveCfg = Debug|Any CPU
		{0BE2280A-F67A-47A8-9A4D-305F029A5649}.Debug|Any CPU.Build.0 = Debug|Any CPU
		{0BE2280A-F67A-47A8-9A4D-305F029A5649}.Debug|x86.ActiveCfg = Debug|Any CPU
		{0BE2280A-F67A-47A8-9A4D-305F029A5649}.Debug|x86.Build.0 = Debug|Any CPU
		{0BE2280A-F67A-47A8-9A4D-305F029A5649}.Release|Any CPU.ActiveCfg = Release|Any CPU
		{0BE2280A-F67A-47A8-9A4D-305F029A5649}.Release|Any CPU.Build.0 = Release|Any CPU
		{0BE2280A-F67A-47A8-9A4D-305F029A5649}.Release|x86.ActiveCfg = Release|Any CPU
		{0BE2280A-F67A-47A8-9A4D-305F029A5649}.Release|x86.Build.0 = Release|Any CPU
		{CD4B0B4B-F9E0-4BE7-B03B-69FF1EB7737F}.Debug|Any CPU.ActiveCfg = Debug|Any CPU
		{CD4B0B4B-F9E0-4BE7-B03B-69FF1EB7737F}.Debug|Any CPU.Build.0 = Debug|Any CPU
		{CD4B0B4B-F9E0-4BE7-B03B-69FF1EB7737F}.Debug|x86.ActiveCfg = Debug|Any CPU
		{CD4B0B4B-F9E0-4BE7-B03B-69FF1EB7737F}.Debug|x86.Build.0 = Debug|Any CPU
		{CD4B0B4B-F9E0-4BE7-B03B-69FF1EB7737F}.Release|Any CPU.ActiveCfg = Release|Any CPU
		{CD4B0B4B-F9E0-4BE7-B03B-69FF1EB7737F}.Release|Any CPU.Build.0 = Release|Any CPU
		{CD4B0B4B-F9E0-4BE7-B03B-69FF1EB7737F}.Release|x86.ActiveCfg = Release|Any CPU
		{CD4B0B4B-F9E0-4BE7-B03B-69FF1EB7737F}.Release|x86.Build.0 = Release|Any CPU
		{A010B508-236F-4028-A7F5-3F0ACA25C335}.Debug|Any CPU.ActiveCfg = Debug|Any CPU
		{A010B508-236F-4028-A7F5-3F0ACA25C335}.Debug|Any CPU.Build.0 = Debug|Any CPU
		{A010B508-236F-4028-A7F5-3F0ACA25C335}.Debug|x86.ActiveCfg = Debug|Any CPU
		{A010B508-236F-4028-A7F5-3F0ACA25C335}.Debug|x86.Build.0 = Debug|Any CPU
		{A010B508-236F-4028-A7F5-3F0ACA25C335}.Release|Any CPU.ActiveCfg = Release|Any CPU
		{A010B508-236F-4028-A7F5-3F0ACA25C335}.Release|Any CPU.Build.0 = Release|Any CPU
		{A010B508-236F-4028-A7F5-3F0ACA25C335}.Release|x86.ActiveCfg = Release|Any CPU
		{A010B508-236F-4028-A7F5-3F0ACA25C335}.Release|x86.Build.0 = Release|Any CPU
		{9E013E8F-A6C7-41DC-B6B6-7E74F32F9E64}.Debug|Any CPU.ActiveCfg = Debug|Any CPU
		{9E013E8F-A6C7-41DC-B6B6-7E74F32F9E64}.Debug|Any CPU.Build.0 = Debug|Any CPU
		{9E013E8F-A6C7-41DC-B6B6-7E74F32F9E64}.Debug|x86.ActiveCfg = Debug|Any CPU
		{9E013E8F-A6C7-41DC-B6B6-7E74F32F9E64}.Debug|x86.Build.0 = Debug|Any CPU
		{9E013E8F-A6C7-41DC-B6B6-7E74F32F9E64}.Release|Any CPU.ActiveCfg = Release|Any CPU
		{9E013E8F-A6C7-41DC-B6B6-7E74F32F9E64}.Release|Any CPU.Build.0 = Release|Any CPU
		{9E013E8F-A6C7-41DC-B6B6-7E74F32F9E64}.Release|x86.ActiveCfg = Release|Any CPU
		{9E013E8F-A6C7-41DC-B6B6-7E74F32F9E64}.Release|x86.Build.0 = Release|Any CPU
		{2DB21835-2AA3-459E-BE77-0941BFDEC424}.Debug|Any CPU.ActiveCfg = Debug|Any CPU
		{2DB21835-2AA3-459E-BE77-0941BFDEC424}.Debug|Any CPU.Build.0 = Debug|Any CPU
		{2DB21835-2AA3-459E-BE77-0941BFDEC424}.Debug|x86.ActiveCfg = Debug|Any CPU
		{2DB21835-2AA3-459E-BE77-0941BFDEC424}.Debug|x86.Build.0 = Debug|Any CPU
		{2DB21835-2AA3-459E-BE77-0941BFDEC424}.Release|Any CPU.ActiveCfg = Release|Any CPU
		{2DB21835-2AA3-459E-BE77-0941BFDEC424}.Release|Any CPU.Build.0 = Release|Any CPU
		{2DB21835-2AA3-459E-BE77-0941BFDEC424}.Release|x86.ActiveCfg = Release|Any CPU
		{2DB21835-2AA3-459E-BE77-0941BFDEC424}.Release|x86.Build.0 = Release|Any CPU
		{CD9B0F16-2EB9-4622-8242-E927343076B8}.Debug|Any CPU.ActiveCfg = Debug|Any CPU
		{CD9B0F16-2EB9-4622-8242-E927343076B8}.Debug|Any CPU.Build.0 = Debug|Any CPU
		{CD9B0F16-2EB9-4622-8242-E927343076B8}.Debug|x86.ActiveCfg = Debug|Any CPU
		{CD9B0F16-2EB9-4622-8242-E927343076B8}.Debug|x86.Build.0 = Debug|Any CPU
		{CD9B0F16-2EB9-4622-8242-E927343076B8}.Release|Any CPU.ActiveCfg = Release|Any CPU
		{CD9B0F16-2EB9-4622-8242-E927343076B8}.Release|Any CPU.Build.0 = Release|Any CPU
		{CD9B0F16-2EB9-4622-8242-E927343076B8}.Release|x86.ActiveCfg = Release|Any CPU
		{CD9B0F16-2EB9-4622-8242-E927343076B8}.Release|x86.Build.0 = Release|Any CPU
		{142BFB38-B0D5-48DF-9628-968D257455A2}.Debug|Any CPU.ActiveCfg = Debug|Any CPU
		{142BFB38-B0D5-48DF-9628-968D257455A2}.Debug|Any CPU.Build.0 = Debug|Any CPU
		{142BFB38-B0D5-48DF-9628-968D257455A2}.Debug|x86.ActiveCfg = Debug|Any CPU
		{142BFB38-B0D5-48DF-9628-968D257455A2}.Debug|x86.Build.0 = Debug|Any CPU
		{142BFB38-B0D5-48DF-9628-968D257455A2}.Release|Any CPU.ActiveCfg = Release|Any CPU
		{142BFB38-B0D5-48DF-9628-968D257455A2}.Release|Any CPU.Build.0 = Release|Any CPU
		{142BFB38-B0D5-48DF-9628-968D257455A2}.Release|x86.ActiveCfg = Release|Any CPU
		{142BFB38-B0D5-48DF-9628-968D257455A2}.Release|x86.Build.0 = Release|Any CPU
	EndGlobalSection
	GlobalSection(SolutionProperties) = preSolution
		HideSolutionNode = FALSE
	EndGlobalSection
	GlobalSection(NestedProjects) = preSolution
		{0BE2280A-F67A-47A8-9A4D-305F029A5649} = {593D8D5D-B9AF-41BB-AA22-146F5078B06C}
		{CD4B0B4B-F9E0-4BE7-B03B-69FF1EB7737F} = {593D8D5D-B9AF-41BB-AA22-146F5078B06C}
		{A010B508-236F-4028-A7F5-3F0ACA25C335} = {593D8D5D-B9AF-41BB-AA22-146F5078B06C}
		{13BCC36D-4290-46C5-A49A-5D1BDA5A7DEF} = {593D8D5D-B9AF-41BB-AA22-146F5078B06C}
		{9E013E8F-A6C7-41DC-B6B6-7E74F32F9E64} = {13BCC36D-4290-46C5-A49A-5D1BDA5A7DEF}
		{2DB21835-2AA3-459E-BE77-0941BFDEC424} = {AEF7DCE8-1583-46CD-884F-4D75BC75ABCB}
		{CD9B0F16-2EB9-4622-8242-E927343076B8} = {3CA71C82-BB7B-408C-BBCB-E039F2CB3C51}
		{142BFB38-B0D5-48DF-9628-968D257455A2} = {3CA71C82-BB7B-408C-BBCB-E039F2CB3C51}
	EndGlobalSection
	GlobalSection(ExtensibilityGlobals) = postSolution
		SolutionGuid = {C4A962ED-7DE3-4856-8FDE-76177E7D67C4}
	EndGlobalSection
EndGlobal
